
Microsoft Visual Studio Solution File, Format Version 12.00
# Visual Studio Version 16
VisualStudioVersion = 16.0.30907.101
MinimumVisualStudioVersion = 10.0.40219.1
Project("{FAE04EC0-301F-11D3-BF4B-00C04F79EFBC}") = "FileHistory.App", "FileHistory.App\FileHistory.App.csproj", "{1A3E4A34-8DED-4DD5-A875-8A3A9450A05B}"
EndProject
Project("{FAE04EC0-301F-11D3-BF4B-00C04F79EFBC}") = "FileHistory.Core", "FileHistory.Core\FileHistory.Core.csproj", "{6BD98213-CFB9-44D4-BE21-83134DBCE126}"
EndProject
Project("{FAE04EC0-301F-11D3-BF4B-00C04F79EFBC}") = "FileHistory.Test", "FileHistory.Test\FileHistory.Test\FileHistory.Test.csproj", "{DBDA4799-3A8F-42D5-B4E3-03256573FC9D}"
	ProjectSection(ProjectDependencies) = postProject
		{1A3E4A34-8DED-4DD5-A875-8A3A9450A05B} = {1A3E4A34-8DED-4DD5-A875-8A3A9450A05B}
	EndProjectSection
EndProject
Global
	GlobalSection(SolutionConfigurationPlatforms) = preSolution
		Debug|Any CPU = Debug|Any CPU
		Release|Any CPU = Release|Any CPU
	EndGlobalSection
	GlobalSection(ProjectConfigurationPlatforms) = postSolution
		{1A3E4A34-8DED-4DD5-A875-8A3A9450A05B}.Debug|Any CPU.ActiveCfg = Debug|Any CPU
		{1A3E4A34-8DED-4DD5-A875-8A3A9450A05B}.Debug|Any CPU.Build.0 = Debug|Any CPU
		{1A3E4A34-8DED-4DD5-A875-8A3A9450A05B}.Release|Any CPU.ActiveCfg = Release|Any CPU
		{1A3E4A34-8DED-4DD5-A875-8A3A9450A05B}.Release|Any CPU.Build.0 = Release|Any CPU
		{6BD98213-CFB9-44D4-BE21-83134DBCE126}.Debug|Any CPU.ActiveCfg = Debug|Any CPU
		{6BD98213-CFB9-44D4-BE21-83134DBCE126}.Debug|Any CPU.Build.0 = Debug|Any CPU
		{6BD98213-CFB9-44D4-BE21-83134DBCE126}.Release|Any CPU.ActiveCfg = Release|Any CPU
		{6BD98213-CFB9-44D4-BE21-83134DBCE126}.Release|Any CPU.Build.0 = Release|Any CPU
		{DBDA4799-3A8F-42D5-B4E3-03256573FC9D}.Debug|Any CPU.ActiveCfg = Debug|Any CPU
		{DBDA4799-3A8F-42D5-B4E3-03256573FC9D}.Debug|Any CPU.Build.0 = Debug|Any CPU
		{DBDA4799-3A8F-42D5-B4E3-03256573FC9D}.Release|Any CPU.ActiveCfg = Release|Any CPU
		{DBDA4799-3A8F-42D5-B4E3-03256573FC9D}.Release|Any CPU.Build.0 = Release|Any CPU
	EndGlobalSection
	GlobalSection(SolutionProperties) = preSolution
		HideSolutionNode = FALSE
	EndGlobalSection
	GlobalSection(ExtensibilityGlobals) = postSolution
		SolutionGuid = {56664337-2153-410F-9CA2-5F2600AF0CA1}
	EndGlobalSection
EndGlobal
